
Microsoft Visual Studio Solution File, Format Version 12.00
# Visual Studio Version 16
VisualStudioVersion = 16.0.31019.35
MinimumVisualStudioVersion = 10.0.40219.1
Project("{FAE04EC0-301F-11D3-BF4B-00C04F79EFBC}") = "WebApi", "WebApi.csproj", "{C2CFD888-DA46-4C83-AF2A-ACE87F849A51}"
EndProject
Global
	GlobalSection(SolutionConfigurationPlatforms) = preSolution
		Debug|Any CPU = Debug|Any CPU
		Release|Any CPU = Release|Any CPU
	EndGlobalSection
	GlobalSection(ProjectConfigurationPlatforms) = postSolution
		{C2CFD888-DA46-4C83-AF2A-ACE87F849A51}.Debug|Any CPU.ActiveCfg = Debug|Any CPU
		{C2CFD888-DA46-4C83-AF2A-ACE87F849A51}.Debug|Any CPU.Build.0 = Debug|Any CPU
		{C2CFD888-DA46-4C83-AF2A-ACE87F849A51}.Release|Any CPU.ActiveCfg = Release|Any CPU
		{C2CFD888-DA46-4C83-AF2A-ACE87F849A51}.Release|Any CPU.Build.0 = Release|Any CPU
	EndGlobalSection
	GlobalSection(SolutionProperties) = preSolution
		HideSolutionNode = FALSE
	EndGlobalSection
	GlobalSection(ExtensibilityGlobals) = postSolution
		SolutionGuid = {4D4378DB-1FAB-47D2-8744-B4280C430657}
	EndGlobalSection
EndGlobal
